// !$*UTF8*$!
{
	archiveVersion = 1;
	classes = {
	};
	objectVersion = 56;
	objects = {

/* Begin PBXBuildFile section */
		CA44AC012A67E79A001F370F /* AppDelegate.swift in Sources */ = {isa = PBXBuildFile; fileRef = CA44AC002A67E79A001F370F /* AppDelegate.swift */; };
		CA44AC032A67E79A001F370F /* SceneDelegate.swift in Sources */ = {isa = PBXBuildFile; fileRef = CA44AC022A67E79A001F370F /* SceneDelegate.swift */; };
		CA44AC052A67E79A001F370F /* ViewController.swift in Sources */ = {isa = PBXBuildFile; fileRef = CA44AC042A67E79A001F370F /* ViewController.swift */; };
		CA44AC082A67E79A001F370F /* Main.storyboard in Resources */ = {isa = PBXBuildFile; fileRef = CA44AC062A67E79A001F370F /* Main.storyboard */; };
		CA44AC0A2A67E79B001F370F /* Assets.xcassets in Resources */ = {isa = PBXBuildFile; fileRef = CA44AC092A67E79B001F370F /* Assets.xcassets */; };
		CA44AC0D2A67E79B001F370F /* LaunchScreen.storyboard in Resources */ = {isa = PBXBuildFile; fileRef = CA44AC0B2A67E79B001F370F /* LaunchScreen.storyboard */; };
		D808A8C75318A04D61CF998A /* Pods_Firebase_New_For.framework in Frameworks */ = {isa = PBXBuildFile; fileRef = CFC87E115938C998944D71BA /* Pods_Firebase_New_For.framework */; };
/* End PBXBuildFile section */

/* Begin PBXFileReference section */
		6C2C77B90567854743A8BAEA /* Pods-Firebase_New_For.release.xcconfig */ = {isa = PBXFileReference; includeInIndex = 1; lastKnownFileType = text.xcconfig; name = "Pods-Firebase_New_For.release.xcconfig"; path = "Target Support Files/Pods-Firebase_New_For/Pods-Firebase_New_For.release.xcconfig"; sourceTree = "<group>"; };
		8C92296547E8F74F6B56591E /* Pods-Firebase_New_For.debug.xcconfig */ = {isa = PBXFileReference; includeInIndex = 1; lastKnownFileType = text.xcconfig; name = "Pods-Firebase_New_For.debug.xcconfig"; path = "Target Support Files/Pods-Firebase_New_For/Pods-Firebase_New_For.debug.xcconfig"; sourceTree = "<group>"; };
		CA44ABFD2A67E79A001F370F /* Firebase_New_For.app */ = {isa = PBXFileReference; explicitFileType = wrapper.application; includeInIndex = 0; path = Firebase_New_For.app; sourceTree = BUILT_PRODUCTS_DIR; };
		CA44AC002A67E79A001F370F /* AppDelegate.swift */ = {isa = PBXFileReference; lastKnownFileType = sourcecode.swift; path = AppDelegate.swift; sourceTree = "<group>"; };
		CA44AC022A67E79A001F370F /* SceneDelegate.swift */ = {isa = PBXFileReference; lastKnownFileType = sourcecode.swift; path = SceneDelegate.swift; sourceTree = "<group>"; };
		CA44AC042A67E79A001F370F /* ViewController.swift */ = {isa = PBXFileReference; lastKnownFileType = sourcecode.swift; path = ViewController.swift; sourceTree = "<group>"; };
		CA44AC072A67E79A001F370F /* Base */ = {isa = PBXFileReference; lastKnownFileType = file.storyboard; name = Base; path = Base.lproj/Main.storyboard; sourceTree = "<group>"; };
		CA44AC092A67E79B001F370F /* Assets.xcassets */ = {isa = PBXFileReference; lastKnownFileType = folder.assetcatalog; path = Assets.xcassets; sourceTree = "<group>"; };
		CA44AC0C2A67E79B001F370F /* Base */ = {isa = PBXFileReference; lastKnownFileType = file.storyboard; name = Base; path = Base.lproj/LaunchScreen.storyboard; sourceTree = "<group>"; };
		CA44AC0E2A67E79B001F370F /* Info.plist */ = {isa = PBXFileReference; lastKnownFileType = text.plist.xml; path = Info.plist; sourceTree = "<group>"; };
		CFC87E115938C998944D71BA /* Pods_Firebase_New_For.framework */ = {isa = PBXFileReference; explicitFileType = wrapper.framework; includeInIndex = 0; path = Pods_Firebase_New_For.framework; sourceTree = BUILT_PRODUCTS_DIR; };
/* End PBXFileReference section */

/* Begin PBXFrameworksBuildPhase section */
		CA44ABFA2A67E79A001F370F /* Frameworks */ = {
			isa = PBXFrameworksBuildPhase;
			buildActionMask = 2147483647;
			files = (
				D808A8C75318A04D61CF998A /* Pods_Firebase_New_For.framework in Frameworks */,
			);
			runOnlyForDeploymentPostprocessing = 0;
		};
/* End PBXFrameworksBuildPhase section */

/* Begin PBXGroup section */
		45406085BF44BF1B1F1FCFB2 /* Pods */ = {
			isa = PBXGroup;
			children = (
				8C92296547E8F74F6B56591E /* Pods-Firebase_New_For.debug.xcconfig */,
				6C2C77B90567854743A8BAEA /* Pods-Firebase_New_For.release.xcconfig */,
			);
			name = Pods;
			path = Pods;
			sourceTree = "<group>";
		};
		84C7B3483E10418F2D9E5BA3 /* Frameworks */ = {
			isa = PBXGroup;
			children = (
				CFC87E115938C998944D71BA /* Pods_Firebase_New_For.framework */,
			);
			name = Frameworks;
			sourceTree = "<group>";
		};
		CA44ABF42A67E79A001F370F = {
			isa = PBXGroup;
			children = (
				CA44ABFF2A67E79A001F370F /* Firebase_New_For */,
				CA44ABFE2A67E79A001F370F /* Products */,
				45406085BF44BF1B1F1FCFB2 /* Pods */,
				84C7B3483E10418F2D9E5BA3 /* Frameworks */,
			);
			sourceTree = "<group>";
		};
		CA44ABFE2A67E79A001F370F /* Products */ = {
			isa = PBXGroup;
			children = (
				CA44ABFD2A67E79A001F370F /* Firebase_New_For.app */,
			);
			name = Products;
			sourceTree = "<group>";
		};
		CA44ABFF2A67E79A001F370F /* Firebase_New_For */ = {
			isa = PBXGroup;
			children = (
				CA44AC002A67E79A001F370F /* AppDelegate.swift */,
				CA44AC022A67E79A001F370F /* SceneDelegate.swift */,
				CA44AC042A67E79A001F370F /* ViewController.swift */,
				CA44AC062A67E79A001F370F /* Main.storyboard */,
				CA44AC092A67E79B001F370F /* Assets.xcassets */,
				CA44AC0B2A67E79B001F370F /* LaunchScreen.storyboard */,
				CA44AC0E2A67E79B001F370F /* Info.plist */,
			);
			path = Firebase_New_For;
			sourceTree = "<group>";
		};
/* End PBXGroup section */

/* Begin PBXNativeTarget section */
		CA44ABFC2A67E79A001F370F /* Firebase_New_For */ = {
			isa = PBXNativeTarget;
			buildConfigurationList = CA44AC112A67E79B001F370F /* Build configuration list for PBXNativeTarget "Firebase_New_For" */;
			buildPhases = (
				D85CE2FB2F8EAF063109438F /* [CP] Check Pods Manifest.lock */,
				CA44ABF92A67E79A001F370F /* Sources */,
				CA44ABFA2A67E79A001F370F /* Frameworks */,
				CA44ABFB2A67E79A001F370F /* Resources */,
				021CF1A09135A2B1A66F43A2 /* [CP] Embed Pods Frameworks */,
			);
			buildRules = (
			);
			dependencies = (
			);
			name = Firebase_New_For;
			productName = Firebase_New_For;
			productReference = CA44ABFD2A67E79A001F370F /* Firebase_New_For.app */;
			productType = "com.apple.product-type.application";
		};
/* End PBXNativeTarget section */

/* Begin PBXProject section */
		CA44ABF52A67E79A001F370F /* Project object */ = {
			isa = PBXProject;
			attributes = {
				BuildIndependentTargetsInParallel = 1;
				LastSwiftUpdateCheck = 1430;
				LastUpgradeCheck = 1430;
				TargetAttributes = {
					CA44ABFC2A67E79A001F370F = {
						CreatedOnToolsVersion = 14.3;
					};
				};
			};
			buildConfigurationList = CA44ABF82A67E79A001F370F /* Build configuration list for PBXProject "Firebase_New_For" */;
			compatibilityVersion = "Xcode 14.0";
			developmentRegion = en;
			hasScannedForEncodings = 0;
			knownRegions = (
				en,
				Base,
			);
			mainGroup = CA44ABF42A67E79A001F370F;
			productRefGroup = CA44ABFE2A67E79A001F370F /* Products */;
			projectDirPath = "";
			projectRoot = "";
			targets = (
				CA44ABFC2A67E79A001F370F /* Firebase_New_For */,
			);
		};
/* End PBXProject section */

/* Begin PBXResourcesBuildPhase section */
		CA44ABFB2A67E79A001F370F /* Resources */ = {
			isa = PBXResourcesBuildPhase;
			buildActionMask = 2147483647;
			files = (
				CA44AC0D2A67E79B001F370F /* LaunchScreen.storyboard in Resources */,
				CA44AC0A2A67E79B001F370F /* Assets.xcassets in Resources */,
				CA44AC082A67E79A001F370F /* Main.storyboard in Resources */,
			);
			runOnlyForDeploymentPostprocessing = 0;
		};
/* End PBXResourcesBuildPhase section */

/* Begin PBXShellScriptBuildPhase section */
		021CF1A09135A2B1A66F43A2 /* [CP] Embed Pods Frameworks */ = {
			isa = PBXShellScriptBuildPhase;
			buildActionMask = 2147483647;
			files = (
			);
			inputFileListPaths = (
				"${PODS_ROOT}/Target Support Files/Pods-Firebase_New_For/Pods-Firebase_New_For-frameworks-${CONFIGURATION}-input-files.xcfilelist",
			);
			name = "[CP] Embed Pods Frameworks";
			outputFileListPaths = (
				"${PODS_ROOT}/Target Support Files/Pods-Firebase_New_For/Pods-Firebase_New_For-frameworks-${CONFIGURATION}-output-files.xcfilelist",
			);
			runOnlyForDeploymentPostprocessing = 0;
			shellPath = /bin/sh;
			shellScript = "\"${PODS_ROOT}/Target Support Files/Pods-Firebase_New_For/Pods-Firebase_New_For-frameworks.sh\"\n";
			showEnvVarsInLog = 0;
		};
		D85CE2FB2F8EAF063109438F /* [CP] Check Pods Manifest.lock */ = {
			isa = PBXShellScriptBuildPhase;
			buildActionMask = 2147483647;
			files = (
			);
			inputFileListPaths = (
			);
			inputPaths = (
				"${PODS_PODFILE_DIR_PATH}/Podfile.lock",
				"${PODS_ROOT}/Manifest.lock",
			);
			name = "[CP] Check Pods Manifest.lock";
			outputFileListPaths = (
			);
			outputPaths = (
				"$(DERIVED_FILE_DIR)/Pods-Firebase_New_For-checkManifestLockResult.txt",
			);
			runOnlyForDeploymentPostprocessing = 0;
			shellPath = /bin/sh;
			shellScript = "diff \"${PODS_PODFILE_DIR_PATH}/Podfile.lock\" \"${PODS_ROOT}/Manifest.lock\" > /dev/null\nif [ $? != 0 ] ; then\n    # print error to STDERR\n    echo \"error: The sandbox is not in sync with the Podfile.lock. Run 'pod install' or update your CocoaPods installation.\" >&2\n    exit 1\nfi\n# This output is used by Xcode 'outputs' to avoid re-running this script phase.\necho \"SUCCESS\" > \"${SCRIPT_OUTPUT_FILE_0}\"\n";
			showEnvVarsInLog = 0;
		};
/* End PBXShellScriptBuildPhase section */

/* Begin PBXSourcesBuildPhase section */
		CA44ABF92A67E79A001F370F /* Sources */ = {
			isa = PBXSourcesBuildPhase;
			buildActionMask = 2147483647;
			files = (
				CA44AC052A67E79A001F370F /* ViewController.swift in Sources */,
				CA44AC012A67E79A001F370F /* AppDelegate.swift in Sources */,
				CA44AC032A67E79A001F370F /* SceneDelegate.swift in Sources */,
			);
			runOnlyForDeploymentPostprocessing = 0;
		};
/* End PBXSourcesBuildPhase section */

/* Begin PBXVariantGroup section */
		CA44AC062A67E79A001F370F /* Main.storyboard */ = {
			isa = PBXVariantGroup;
			children = (
				CA44AC072A67E79A001F370F /* Base */,
			);
			name = Main.storyboard;
			sourceTree = "<group>";
		};
		CA44AC0B2A67E79B001F370F /* LaunchScreen.storyboard */ = {
			isa = PBXVariantGroup;
			children = (
				CA44AC0C2A67E79B001F370F /* Base */,
			);
			name = LaunchScreen.storyboard;
			sourceTree = "<group>";
		};
/* End PBXVariantGroup section */

/* Begin XCBuildConfiguration section */
		CA44AC0F2A67E79B001F370F /* Debug */ = {
			isa = XCBuildConfiguration;
			buildSettings = {
				ALWAYS_SEARCH_USER_PATHS = NO;
				CLANG_ANALYZER_NONNULL = YES;
				CLANG_ANALYZER_NUMBER_OBJECT_CONVERSION = YES_AGGRESSIVE;
				CLANG_CXX_LANGUAGE_STANDARD = "gnu++20";
				CLANG_ENABLE_MODULES = YES;
				CLANG_ENABLE_OBJC_ARC = YES;
				CLANG_ENABLE_OBJC_WEAK = YES;
				CLANG_WARN_BLOCK_CAPTURE_AUTORELEASING = YES;
				CLANG_WARN_BOOL_CONVERSION = YES;
				CLANG_WARN_COMMA = YES;
				CLANG_WARN_CONSTANT_CONVERSION = YES;
				CLANG_WARN_DEPRECATED_OBJC_IMPLEMENTATIONS = YES;
				CLANG_WARN_DIRECT_OBJC_ISA_USAGE = YES_ERROR;
				CLANG_WARN_DOCUMENTATION_COMMENTS = YES;
				CLANG_WARN_EMPTY_BODY = YES;
				CLANG_WARN_ENUM_CONVERSION = YES;
				CLANG_WARN_INFINITE_RECURSION = YES;
				CLANG_WARN_INT_CONVERSION = YES;
				CLANG_WARN_NON_LITERAL_NULL_CONVERSION = YES;
				CLANG_WARN_OBJC_IMPLICIT_RETAIN_SELF = YES;
				CLANG_WARN_OBJC_LITERAL_CONVERSION = YES;
				CLANG_WARN_OBJC_ROOT_CLASS = YES_ERROR;
				CLANG_WARN_QUOTED_INCLUDE_IN_FRAMEWORK_HEADER = YES;
				CLANG_WARN_RANGE_LOOP_ANALYSIS = YES;
				CLANG_WARN_STRICT_PROTOTYPES = YES;
				CLANG_WARN_SUSPICIOUS_MOVE = YES;
				CLANG_WARN_UNGUARDED_AVAILABILITY = YES_AGGRESSIVE;
				CLANG_WARN_UNREACHABLE_CODE = YES;
				CLANG_WARN__DUPLICATE_METHOD_MATCH = YES;
				COPY_PHASE_STRIP = NO;
				DEBUG_INFORMATION_FORMAT = dwarf;
				ENABLE_STRICT_OBJC_MSGSEND = YES;
				ENABLE_TESTABILITY = YES;
				GCC_C_LANGUAGE_STANDARD = gnu11;
				GCC_DYNAMIC_NO_PIC = NO;
				GCC_NO_COMMON_BLOCKS = YES;
				GCC_OPTIMIZATION_LEVEL = 0;
				GCC_PREPROCESSOR_DEFINITIONS = (
					"DEBUG=1",
					"$(inherited)",
				);
				GCC_WARN_64_TO_32_BIT_CONVERSION = YES;
				GCC_WARN_ABOUT_RETURN_TYPE = YES_ERROR;
				GCC_WARN_UNDECLARED_SELECTOR = YES;
				GCC_WARN_UNINITIALIZED_AUTOS = YES_AGGRESSIVE;
				GCC_WARN_UNUSED_FUNCTION = YES;
				GCC_WARN_UNUSED_VARIABLE = YES;
				IPHONEOS_DEPLOYMENT_TARGET = 16.4;
				MTL_ENABLE_DEBUG_INFO = INCLUDE_SOURCE;
				MTL_FAST_MATH = YES;
				ONLY_ACTIVE_ARCH = YES;
				SDKROOT = iphoneos;
				SWIFT_ACTIVE_COMPILATION_CONDITIONS = DEBUG;
				SWIFT_OPTIMIZATION_LEVEL = "-Onone";
			};
			name = Debug;
		};
		CA44AC102A67E79B001F370F /* Release */ = {
			isa = XCBuildConfiguration;
			buildSettings = {
				ALWAYS_SEARCH_USER_PATHS = NO;
				CLANG_ANALYZER_NONNULL = YES;
				CLANG_ANALYZER_NUMBER_OBJECT_CONVERSION = YES_AGGRESSIVE;
				CLANG_CXX_LANGUAGE_STANDARD = "gnu++20";
				CLANG_ENABLE_MODULES = YES;
				CLANG_ENABLE_OBJC_ARC = YES;
				CLANG_ENABLE_OBJC_WEAK = YES;
				CLANG_WARN_BLOCK_CAPTURE_AUTORELEASING = YES;
				CLANG_WARN_BOOL_CONVERSION = YES;
				CLANG_WARN_COMMA = YES;
				CLANG_WARN_CONSTANT_CONVERSION = YES;
				CLANG_WARN_DEPRECATED_OBJC_IMPLEMENTATIONS = YES;
				CLANG_WARN_DIRECT_OBJC_ISA_USAGE = YES_ERROR;
				CLANG_WARN_DOCUMENTATION_COMMENTS = YES;
				CLANG_WARN_EMPTY_BODY = YES;
				CLANG_WARN_ENUM_CONVERSION = YES;
				CLANG_WARN_INFINITE_RECURSION = YES;
				CLANG_WARN_INT_CONVERSION = YES;
				CLANG_WARN_NON_LITERAL_NULL_CONVERSION = YES;
				CLANG_WARN_OBJC_IMPLICIT_RETAIN_SELF = YES;
				CLANG_WARN_OBJC_LITERAL_CONVERSION = YES;
				CLANG_WARN_OBJC_ROOT_CLASS = YES_ERROR;
				CLANG_WARN_QUOTED_INCLUDE_IN_FRAMEWORK_HEADER = YES;
				CLANG_WARN_RANGE_LOOP_ANALYSIS = YES;
				CLANG_WARN_STRICT_PROTOTYPES = YES;
				CLANG_WARN_SUSPICIOUS_MOVE = YES;
				CLANG_WARN_UNGUARDED_AVAILABILITY = YES_AGGRESSIVE;
				CLANG_WARN_UNREACHABLE_CODE = YES;
				CLANG_WARN__DUPLICATE_METHOD_MATCH = YES;
				COPY_PHASE_STRIP = NO;
				DEBUG_INFORMATION_FORMAT = "dwarf-with-dsym";
				ENABLE_NS_ASSERTIONS = NO;
				ENABLE_STRICT_OBJC_MSGSEND = YES;
				GCC_C_LANGUAGE_STANDARD = gnu11;
				GCC_NO_COMMON_BLOCKS = YES;
				GCC_WARN_64_TO_32_BIT_CONVERSION = YES;
				GCC_WARN_ABOUT_RETURN_TYPE = YES_ERROR;
				GCC_WARN_UNDECLARED_SELECTOR = YES;
				GCC_WARN_UNINITIALIZED_AUTOS = YES_AGGRESSIVE;
				GCC_WARN_UNUSED_FUNCTION = YES;
				GCC_WARN_UNUSED_VARIABLE = YES;
				IPHONEOS_DEPLOYMENT_TARGET = 16.4;
				MTL_ENABLE_DEBUG_INFO = NO;
				MTL_FAST_MATH = YES;
				SDKROOT = iphoneos;
				SWIFT_COMPILATION_MODE = wholemodule;
				SWIFT_OPTIMIZATION_LEVEL = "-O";
				VALIDATE_PRODUCT = YES;
			};
			name = Release;
		};
		CA44AC122A67E79B001F370F /* Debug */ = {
			isa = XCBuildConfiguration;
			baseConfigurationReference = 8C92296547E8F74F6B56591E /* Pods-Firebase_New_For.debug.xcconfig */;
			buildSettings = {
				ASSETCATALOG_COMPILER_APPICON_NAME = AppIcon;
				ASSETCATALOG_COMPILER_GLOBAL_ACCENT_COLOR_NAME = AccentColor;
				CODE_SIGN_STYLE = Automatic;
				CURRENT_PROJECT_VERSION = 1;
				GENERATE_INFOPLIST_FILE = YES;
				INFOPLIST_FILE = Firebase_New_For/Info.plist;
				INFOPLIST_KEY_UIApplicationSupportsIndirectInputEvents = YES;
				INFOPLIST_KEY_UILaunchStoryboardName = LaunchScreen;
				INFOPLIST_KEY_UIMainStoryboardFile = Main;
				INFOPLIST_KEY_UISupportedInterfaceOrientations_iPad = "UIInterfaceOrientationPortrait UIInterfaceOrientationPortraitUpsideDown UIInterfaceOrientationLandscapeLeft UIInterfaceOrientationLandscapeRight";
				INFOPLIST_KEY_UISupportedInterfaceOrientations_iPhone = "UIInterfaceOrientationPortrait UIInterfaceOrientationLandscapeLeft UIInterfaceOrientationLandscapeRight";
				LD_RUNPATH_SEARCH_PATHS = (
					"$(inherited)",
					"@executable_path/Frameworks",
				);
				MARKETING_VERSION = 1.0;
				PRODUCT_BUNDLE_IDENTIFIER = "satyam-jha.Firebase-New-For";
				PRODUCT_NAME = "$(TARGET_NAME)";
				SWIFT_EMIT_LOC_STRINGS = YES;
				SWIFT_VERSION = 5.0;
				TARGETED_DEVICE_FAMILY = "1,2";
			};
			name = Debug;
		};
		CA44AC132A67E79B001F370F /* Release */ = {
			isa = XCBuildConfiguration;
			baseConfigurationReference = 6C2C77B90567854743A8BAEA /* Pods-Firebase_New_For.release.xcconfig */;
			buildSettings = {
				ASSETCATALOG_COMPILER_APPICON_NAME = AppIcon;
				ASSETCATALOG_COMPILER_GLOBAL_ACCENT_COLOR_NAME = AccentColor;
				CODE_SIGN_STYLE = Automatic;
				CURRENT_PROJECT_VERSION = 1;
				GENERATE_INFOPLIST_FILE = YES;
				INFOPLIST_FILE = Firebase_New_For/Info.plist;
				INFOPLIST_KEY_UIApplicationSupportsIndirectInputEvents = YES;
				INFOPLIST_KEY_UILaunchStoryboardName = LaunchScreen;
				INFOPLIST_KEY_UIMainStoryboardFile = Main;
				INFOPLIST_KEY_UISupportedInterfaceOrientations_iPad = "UIInterfaceOrientationPortrait UIInterfaceOrientationPortraitUpsideDown UIInterfaceOrientationLandscapeLeft UIInterfaceOrientationLandscapeRight";
				INFOPLIST_KEY_UISupportedInterfaceOrientations_iPhone = "UIInterfaceOrientationPortrait UIInterfaceOrientationLandscapeLeft UIInterfaceOrientationLandscapeRight";
				LD_RUNPATH_SEARCH_PATHS = (
					"$(inherited)",
					"@executable_path/Frameworks",
				);
				MARKETING_VERSION = 1.0;
				PRODUCT_BUNDLE_IDENTIFIER = "satyam-jha.Firebase-New-For";
				PRODUCT_NAME = "$(TARGET_NAME)";
				SWIFT_EMIT_LOC_STRINGS = YES;
				SWIFT_VERSION = 5.0;
				TARGETED_DEVICE_FAMILY = "1,2";
			};
			name = Release;
		};
/* End XCBuildConfiguration section */

/* Begin XCConfigurationList section */
		CA44ABF82A67E79A001F370F /* Build configuration list for PBXProject "Firebase_New_For" */ = {
			isa = XCConfigurationList;
			buildConfigurations = (
				CA44AC0F2A67E79B001F370F /* Debug */,
				CA44AC102A67E79B001F370F /* Release */,
			);
			defaultConfigurationIsVisible = 0;
			defaultConfigurationName = Release;
		};
		CA44AC112A67E79B001F370F /* Build configuration list for PBXNativeTarget "Firebase_New_For" */ = {
			isa = XCConfigurationList;
			buildConfigurations = (
				CA44AC122A67E79B001F370F /* Debug */,
				CA44AC132A67E79B001F370F /* Release */,
			);
			defaultConfigurationIsVisible = 0;
			defaultConfigurationName = Release;
		};
/* End XCConfigurationList section */
	};
	rootObject = CA44ABF52A67E79A001F370F /* Project object */;
}
